
Microsoft Visual Studio Solution File, Format Version 12.00
# Visual Studio Version 18
VisualStudioVersion = 18.4.11626.88
MinimumVisualStudioVersion = 10.0.40219.1
Project("{FAE04EC0-301F-11D3-BF4B-00C04F79EFBC}") = "LinkedListLib", "LinkedListLab\LinkedListLib.csproj", "{D0E56E0C-6065-4670-8C3E-7A6C6B5BA03D}"
EndProject
Project("{FAE04EC0-301F-11D3-BF4B-00C04F79EFBC}") = "DataStructs_Console", "DataStructs_Console\DataStructs_Console.csproj", "{187D517F-C70B-4D0E-A648-03DB8E15BB03}"
EndProject
Project("{FAE04EC0-301F-11D3-BF4B-00C04F79EFBC}") = "MyStackLib", "MyStackLibrary\MyStackLib.csproj", "{351B5D11-6561-43B1-80FB-852BC32A935D}"
EndProject
Project("{FAE04EC0-301F-11D3-BF4B-00C04F79EFBC}") = "PostfixCalc", "PostfixCalc\PostfixCalc.csproj", "{5C7561D5-3A8E-455D-8F7F-981C72893AD3}"
EndProject
Project("{FAE04EC0-301F-11D3-BF4B-00C04F79EFBC}") = "MyQueueLib", "MyQueueLib\MyQueueLib.csproj", "{B9B163E8-4E92-4D9D-A04C-2546D9C77CBB}"
EndProject
Project("{FAE04EC0-301F-11D3-BF4B-00C04F79EFBC}") = "WPFQueueApp", "QueueApp\WPFQueueApp.csproj", "{F6E1D1C1-0DD0-4C93-8ED5-304F8A93AD64}"
EndProject
Project("{FAE04EC0-301F-11D3-BF4B-00C04F79EFBC}") = "MyPriorityQueueLib", "MyPriorityQueueLib\MyPriorityQueueLib.csproj", "{5E910914-2F55-20E8-1A5B-31AA0602B7EA}"
EndProject
Project("{FAE04EC0-301F-11D3-BF4B-00C04F79EFBC}") = "MyArrayLib", "MyArrayLib\MyArrayLib.csproj", "{1826FA32-0A03-4BF5-A7BF-652039149C4A}"
EndProject
Global
	GlobalSection(SolutionConfigurationPlatforms) = preSolution
		Debug|Any CPU = Debug|Any CPU
		Release|Any CPU = Release|Any CPU
	EndGlobalSection
	GlobalSection(ProjectConfigurationPlatforms) = postSolution
		{D0E56E0C-6065-4670-8C3E-7A6C6B5BA03D}.Debug|Any CPU.ActiveCfg = Debug|Any CPU
		{D0E56E0C-6065-4670-8C3E-7A6C6B5BA03D}.Debug|Any CPU.Build.0 = Debug|Any CPU
		{D0E56E0C-6065-4670-8C3E-7A6C6B5BA03D}.Release|Any CPU.ActiveCfg = Release|Any CPU
		{D0E56E0C-6065-4670-8C3E-7A6C6B5BA03D}.Release|Any CPU.Build.0 = Release|Any CPU
		{187D517F-C70B-4D0E-A648-03DB8E15BB03}.Debug|Any CPU.ActiveCfg = Debug|Any CPU
		{187D517F-C70B-4D0E-A648-03DB8E15BB03}.Debug|Any CPU.Build.0 = Debug|Any CPU
		{187D517F-C70B-4D0E-A648-03DB8E15BB03}.Release|Any CPU.ActiveCfg = Release|Any CPU
		{187D517F-C70B-4D0E-A648-03DB8E15BB03}.Release|Any CPU.Build.0 = Release|Any CPU
		{351B5D11-6561-43B1-80FB-852BC32A935D}.Debug|Any CPU.ActiveCfg = Debug|Any CPU
		{351B5D11-6561-43B1-80FB-852BC32A935D}.Debug|Any CPU.Build.0 = Debug|Any CPU
		{351B5D11-6561-43B1-80FB-852BC32A935D}.Release|Any CPU.ActiveCfg = Release|Any CPU
		{351B5D11-6561-43B1-80FB-852BC32A935D}.Release|Any CPU.Build.0 = Release|Any CPU
		{5C7561D5-3A8E-455D-8F7F-981C72893AD3}.Debug|Any CPU.ActiveCfg = Debug|Any CPU
		{5C7561D5-3A8E-455D-8F7F-981C72893AD3}.Debug|Any CPU.Build.0 = Debug|Any CPU
		{5C7561D5-3A8E-455D-8F7F-981C72893AD3}.Release|Any CPU.ActiveCfg = Release|Any CPU
		{5C7561D5-3A8E-455D-8F7F-981C72893AD3}.Release|Any CPU.Build.0 = Release|Any CPU
		{B9B163E8-4E92-4D9D-A04C-2546D9C77CBB}.Debug|Any CPU.ActiveCfg = Debug|Any CPU
		{B9B163E8-4E92-4D9D-A04C-2546D9C77CBB}.Debug|Any CPU.Build.0 = Debug|Any CPU
		{B9B163E8-4E92-4D9D-A04C-2546D9C77CBB}.Release|Any CPU.ActiveCfg = Release|Any CPU
		{B9B163E8-4E92-4D9D-A04C-2546D9C77CBB}.Release|Any CPU.Build.0 = Release|Any CPU
		{F6E1D1C1-0DD0-4C93-8ED5-304F8A93AD64}.Debug|Any CPU.ActiveCfg = Debug|Any CPU
		{F6E1D1C1-0DD0-4C93-8ED5-304F8A93AD64}.Debug|Any CPU.Build.0 = Debug|Any CPU
		{F6E1D1C1-0DD0-4C93-8ED5-304F8A93AD64}.Release|Any CPU.ActiveCfg = Release|Any CPU
		{F6E1D1C1-0DD0-4C93-8ED5-304F8A93AD64}.Release|Any CPU.Build.0 = Release|Any CPU
		{5E910914-2F55-20E8-1A5B-31AA0602B7EA}.Debug|Any CPU.ActiveCfg = Debug|Any CPU
		{5E910914-2F55-20E8-1A5B-31AA0602B7EA}.Debug|Any CPU.Build.0 = Debug|Any CPU
		{5E910914-2F55-20E8-1A5B-31AA0602B7EA}.Release|Any CPU.ActiveCfg = Release|Any CPU
		{5E910914-2F55-20E8-1A5B-31AA0602B7EA}.Release|Any CPU.Build.0 = Release|Any CPU
		{1826FA32-0A03-4BF5-A7BF-652039149C4A}.Debug|Any CPU.ActiveCfg = Debug|Any CPU
		{1826FA32-0A03-4BF5-A7BF-652039149C4A}.Debug|Any CPU.Build.0 = Debug|Any CPU
		{1826FA32-0A03-4BF5-A7BF-652039149C4A}.Release|Any CPU.ActiveCfg = Release|Any CPU
		{1826FA32-0A03-4BF5-A7BF-652039149C4A}.Release|Any CPU.Build.0 = Release|Any CPU
	EndGlobalSection
	GlobalSection(SolutionProperties) = preSolution
		HideSolutionNode = FALSE
	EndGlobalSection
	GlobalSection(ExtensibilityGlobals) = postSolution
		SolutionGuid = {566DCAE1-1CAC-4BB1-BF7A-CD0294F16202}
	EndGlobalSection
EndGlobal
